
Microsoft Visual Studio Solution File, Format Version 12.00
# Visual Studio Version 17
VisualStudioVersion = 17.10.34607.79
MinimumVisualStudioVersion = 10.0.40219.1
Project("{FAE04EC0-301F-11D3-BF4B-00C04F79EFBC}") = "BattleShip", "BattleShip\BattleShip.csproj", "{4BAE2E02-5316-4BAD-BF19-3D1BC139938F}"
EndProject
Global
	GlobalSection(SolutionConfigurationPlatforms) = preSolution
		Debug|Any CPU = Debug|Any CPU
		Release|Any CPU = Release|Any CPU
	EndGlobalSection
	GlobalSection(ProjectConfigurationPlatforms) = postSolution
		{4BAE2E02-5316-4BAD-BF19-3D1BC139938F}.Debug|Any CPU.ActiveCfg = Debug|Any CPU
		{4BAE2E02-5316-4BAD-BF19-3D1BC139938F}.Debug|Any CPU.Build.0 = Debug|Any CPU
		{4BAE2E02-5316-4BAD-BF19-3D1BC139938F}.Release|Any CPU.ActiveCfg = Release|Any CPU
		{4BAE2E02-5316-4BAD-BF19-3D1BC139938F}.Release|Any CPU.Build.0 = Release|Any CPU
	EndGlobalSection
	GlobalSection(SolutionProperties) = preSolution
		HideSolutionNode = FALSE
	EndGlobalSection
	GlobalSection(ExtensibilityGlobals) = postSolution
		SolutionGuid = {E28F0E77-2B0A-4416-8345-D4D680B5A154}
	EndGlobalSection
EndGlobal
